
Microsoft Visual Studio Solution File, Format Version 12.00
# Visual Studio Version 17
VisualStudioVersion = 17.10.35027.167
MinimumVisualStudioVersion = 10.0.40219.1
Project("{FAE04EC0-301F-11D3-BF4B-00C04F79EFBC}") = "ConsoleApp2", "ConsoleApp2\ConsoleApp2.csproj", "{6F3514FF-1C16-4AB9-958D-201522E2B060}"
EndProject
Global
	GlobalSection(SolutionConfigurationPlatforms) = preSolution
		Debug|Any CPU = Debug|Any CPU
		Release|Any CPU = Release|Any CPU
	EndGlobalSection
	GlobalSection(ProjectConfigurationPlatforms) = postSolution
		{6F3514FF-1C16-4AB9-958D-201522E2B060}.Debug|Any CPU.ActiveCfg = Debug|Any CPU
		{6F3514FF-1C16-4AB9-958D-201522E2B060}.Debug|Any CPU.Build.0 = Debug|Any CPU
		{6F3514FF-1C16-4AB9-958D-201522E2B060}.Release|Any CPU.ActiveCfg = Release|Any CPU
		{6F3514FF-1C16-4AB9-958D-201522E2B060}.Release|Any CPU.Build.0 = Release|Any CPU
	EndGlobalSection
	GlobalSection(SolutionProperties) = preSolution
		HideSolutionNode = FALSE
	EndGlobalSection
	GlobalSection(ExtensibilityGlobals) = postSolution
		SolutionGuid = {9025863C-65D6-4AC9-B0DC-4A3F92EB966D}
	EndGlobalSection
EndGlobal
